
Microsoft Visual Studio Solution File, Format Version 12.00
# Visual Studio Version 16
VisualStudioVersion = 16.0.31613.86
MinimumVisualStudioVersion = 10.0.40219.1
Project("{FAE04EC0-301F-11D3-BF4B-00C04F79EFBC}") = "Crud", "Crud\Crud.csproj", "{21307F6C-40FE-4ACB-9E2F-299E05A22E7B}"
EndProject
Global
	GlobalSection(SolutionConfigurationPlatforms) = preSolution
		Debug|Any CPU = Debug|Any CPU
		Release|Any CPU = Release|Any CPU
	EndGlobalSection
	GlobalSection(ProjectConfigurationPlatforms) = postSolution
		{21307F6C-40FE-4ACB-9E2F-299E05A22E7B}.Debug|Any CPU.ActiveCfg = Debug|Any CPU
		{21307F6C-40FE-4ACB-9E2F-299E05A22E7B}.Debug|Any CPU.Build.0 = Debug|Any CPU
		{21307F6C-40FE-4ACB-9E2F-299E05A22E7B}.Release|Any CPU.ActiveCfg = Release|Any CPU
		{21307F6C-40FE-4ACB-9E2F-299E05A22E7B}.Release|Any CPU.Build.0 = Release|Any CPU
	EndGlobalSection
	GlobalSection(SolutionProperties) = preSolution
		HideSolutionNode = FALSE
	EndGlobalSection
	GlobalSection(ExtensibilityGlobals) = postSolution
		SolutionGuid = {0E4A3C22-30A6-4E54-BB6E-7B23E107BD03}
	EndGlobalSection
EndGlobal
